
Microsoft Visual Studio Solution File, Format Version 12.00
# Visual Studio 15
VisualStudioVersion = 15.0.28010.2041
MinimumVisualStudioVersion = 10.0.40219.1
Project("{FAE04EC0-301F-11D3-BF4B-00C04F79EFBC}") = "questionnaire", "questionnaire\questionnaire.csproj", "{F32B406A-2386-4A5E-9103-80766452A126}"
EndProject
Project("{FAE04EC0-301F-11D3-BF4B-00C04F79EFBC}") = "BMI", "BMI\BMI.csproj", "{9E8888F3-5BFC-4A4B-B39A-8B588BD1D702}"
EndProject
Project("{FAE04EC0-301F-11D3-BF4B-00C04F79EFBC}") = "Distance", "Distance\Distance.csproj", "{EFFDD9E6-65A1-4E38-B370-AA1BA6A0004C}"
EndProject
Project("{FAE04EC0-301F-11D3-BF4B-00C04F79EFBC}") = "exchange", "exchange\exchange.csproj", "{2535DBC2-2976-41EE-A90E-2EDAA64A5447}"
EndProject
Project("{FAE04EC0-301F-11D3-BF4B-00C04F79EFBC}") = "PrivateData", "PrivateData\PrivateData.csproj", "{60828437-8B12-4749-8906-DF5E1BB42E14}"
EndProject
Project("{FAE04EC0-301F-11D3-BF4B-00C04F79EFBC}") = "MyMethods", "MyMethods\MyMethods.csproj", "{B9F2B49F-50A9-4BCC-83B2-B2690681CFB8}"
EndProject
Global
	GlobalSection(SolutionConfigurationPlatforms) = preSolution
		Debug|Any CPU = Debug|Any CPU
		Release|Any CPU = Release|Any CPU
	EndGlobalSection
	GlobalSection(ProjectConfigurationPlatforms) = postSolution
		{F32B406A-2386-4A5E-9103-80766452A126}.Debug|Any CPU.ActiveCfg = Debug|Any CPU
		{F32B406A-2386-4A5E-9103-80766452A126}.Debug|Any CPU.Build.0 = Debug|Any CPU
		{F32B406A-2386-4A5E-9103-80766452A126}.Release|Any CPU.ActiveCfg = Release|Any CPU
		{F32B406A-2386-4A5E-9103-80766452A126}.Release|Any CPU.Build.0 = Release|Any CPU
		{9E8888F3-5BFC-4A4B-B39A-8B588BD1D702}.Debug|Any CPU.ActiveCfg = Debug|Any CPU
		{9E8888F3-5BFC-4A4B-B39A-8B588BD1D702}.Debug|Any CPU.Build.0 = Debug|Any CPU
		{9E8888F3-5BFC-4A4B-B39A-8B588BD1D702}.Release|Any CPU.ActiveCfg = Release|Any CPU
		{9E8888F3-5BFC-4A4B-B39A-8B588BD1D702}.Release|Any CPU.Build.0 = Release|Any CPU
		{EFFDD9E6-65A1-4E38-B370-AA1BA6A0004C}.Debug|Any CPU.ActiveCfg = Debug|Any CPU
		{EFFDD9E6-65A1-4E38-B370-AA1BA6A0004C}.Debug|Any CPU.Build.0 = Debug|Any CPU
		{EFFDD9E6-65A1-4E38-B370-AA1BA6A0004C}.Release|Any CPU.ActiveCfg = Release|Any CPU
		{EFFDD9E6-65A1-4E38-B370-AA1BA6A0004C}.Release|Any CPU.Build.0 = Release|Any CPU
		{2535DBC2-2976-41EE-A90E-2EDAA64A5447}.Debug|Any CPU.ActiveCfg = Debug|Any CPU
		{2535DBC2-2976-41EE-A90E-2EDAA64A5447}.Debug|Any CPU.Build.0 = Debug|Any CPU
		{2535DBC2-2976-41EE-A90E-2EDAA64A5447}.Release|Any CPU.ActiveCfg = Release|Any CPU
		{2535DBC2-2976-41EE-A90E-2EDAA64A5447}.Release|Any CPU.Build.0 = Release|Any CPU
		{60828437-8B12-4749-8906-DF5E1BB42E14}.Debug|Any CPU.ActiveCfg = Debug|Any CPU
		{60828437-8B12-4749-8906-DF5E1BB42E14}.Debug|Any CPU.Build.0 = Debug|Any CPU
		{60828437-8B12-4749-8906-DF5E1BB42E14}.Release|Any CPU.ActiveCfg = Release|Any CPU
		{60828437-8B12-4749-8906-DF5E1BB42E14}.Release|Any CPU.Build.0 = Release|Any CPU
		{B9F2B49F-50A9-4BCC-83B2-B2690681CFB8}.Debug|Any CPU.ActiveCfg = Debug|Any CPU
		{B9F2B49F-50A9-4BCC-83B2-B2690681CFB8}.Debug|Any CPU.Build.0 = Debug|Any CPU
		{B9F2B49F-50A9-4BCC-83B2-B2690681CFB8}.Release|Any CPU.ActiveCfg = Release|Any CPU
		{B9F2B49F-50A9-4BCC-83B2-B2690681CFB8}.Release|Any CPU.Build.0 = Release|Any CPU
	EndGlobalSection
	GlobalSection(SolutionProperties) = preSolution
		HideSolutionNode = FALSE
	EndGlobalSection
	GlobalSection(ExtensibilityGlobals) = postSolution
		SolutionGuid = {8BA9B972-3E63-4489-A316-180C8E256C7D}
	EndGlobalSection
EndGlobal
