
Microsoft Visual Studio Solution File, Format Version 12.00
# Visual Studio 15
VisualStudioVersion = 15.0.28010.2036
MinimumVisualStudioVersion = 10.0.40219.1
Project("{FAE04EC0-301F-11D3-BF4B-00C04F79EFBC}") = "Lesson_4", "Lesson_4\Lesson_4.csproj", "{D1EC5506-C455-464A-910F-D2FA623ACF21}"
EndProject
Project("{FAE04EC0-301F-11D3-BF4B-00C04F79EFBC}") = "ArrayLibrary", "ArrayLibrary\ArrayLibrary.csproj", "{861C5372-CAAD-4AEE-B291-4585A906E393}"
EndProject
Project("{FAE04EC0-301F-11D3-BF4B-00C04F79EFBC}") = "ArrayTwoDimLibrary", "ArrayTwoDimLibrary\ArrayTwoDimLibrary.csproj", "{95512417-52F2-466F-A6FA-153980F49F2F}"
EndProject
Global
	GlobalSection(SolutionConfigurationPlatforms) = preSolution
		Debug|Any CPU = Debug|Any CPU
		Release|Any CPU = Release|Any CPU
	EndGlobalSection
	GlobalSection(ProjectConfigurationPlatforms) = postSolution
		{D1EC5506-C455-464A-910F-D2FA623ACF21}.Debug|Any CPU.ActiveCfg = Debug|Any CPU
		{D1EC5506-C455-464A-910F-D2FA623ACF21}.Debug|Any CPU.Build.0 = Debug|Any CPU
		{D1EC5506-C455-464A-910F-D2FA623ACF21}.Release|Any CPU.ActiveCfg = Release|Any CPU
		{D1EC5506-C455-464A-910F-D2FA623ACF21}.Release|Any CPU.Build.0 = Release|Any CPU
		{861C5372-CAAD-4AEE-B291-4585A906E393}.Debug|Any CPU.ActiveCfg = Debug|Any CPU
		{861C5372-CAAD-4AEE-B291-4585A906E393}.Debug|Any CPU.Build.0 = Debug|Any CPU
		{861C5372-CAAD-4AEE-B291-4585A906E393}.Release|Any CPU.ActiveCfg = Release|Any CPU
		{861C5372-CAAD-4AEE-B291-4585A906E393}.Release|Any CPU.Build.0 = Release|Any CPU
		{95512417-52F2-466F-A6FA-153980F49F2F}.Debug|Any CPU.ActiveCfg = Debug|Any CPU
		{95512417-52F2-466F-A6FA-153980F49F2F}.Debug|Any CPU.Build.0 = Debug|Any CPU
		{95512417-52F2-466F-A6FA-153980F49F2F}.Release|Any CPU.ActiveCfg = Release|Any CPU
		{95512417-52F2-466F-A6FA-153980F49F2F}.Release|Any CPU.Build.0 = Release|Any CPU
	EndGlobalSection
	GlobalSection(SolutionProperties) = preSolution
		HideSolutionNode = FALSE
	EndGlobalSection
	GlobalSection(ExtensibilityGlobals) = postSolution
		SolutionGuid = {BDA8A873-0C7A-4F9D-99EF-26D5310F42BB}
	EndGlobalSection
EndGlobal
