
Microsoft Visual Studio Solution File, Format Version 12.00
# Visual Studio 15
VisualStudioVersion = 15.0.28010.2036
MinimumVisualStudioVersion = 10.0.40219.1
Project("{FAE04EC0-301F-11D3-BF4B-00C04F79EFBC}") = "Lesson_3", "Lesson_3\Lesson_3.csproj", "{4E6912F8-57D8-4B71-BEFD-67E73015E318}"
EndProject
Global
	GlobalSection(SolutionConfigurationPlatforms) = preSolution
		Debug|Any CPU = Debug|Any CPU
		Release|Any CPU = Release|Any CPU
	EndGlobalSection
	GlobalSection(ProjectConfigurationPlatforms) = postSolution
		{4E6912F8-57D8-4B71-BEFD-67E73015E318}.Debug|Any CPU.ActiveCfg = Debug|Any CPU
		{4E6912F8-57D8-4B71-BEFD-67E73015E318}.Debug|Any CPU.Build.0 = Debug|Any CPU
		{4E6912F8-57D8-4B71-BEFD-67E73015E318}.Release|Any CPU.ActiveCfg = Release|Any CPU
		{4E6912F8-57D8-4B71-BEFD-67E73015E318}.Release|Any CPU.Build.0 = Release|Any CPU
	EndGlobalSection
	GlobalSection(SolutionProperties) = preSolution
		HideSolutionNode = FALSE
	EndGlobalSection
	GlobalSection(ExtensibilityGlobals) = postSolution
		SolutionGuid = {EDA878B4-44E9-4350-AF13-143CDFE4A988}
	EndGlobalSection
EndGlobal
